
Microsoft Visual Studio Solution File, Format Version 12.00
# Visual Studio 15
VisualStudioVersion = 15.0.26730.8
MinimumVisualStudioVersion = 10.0.40219.1
Project("{FAE04EC0-301F-11D3-BF4B-00C04F79EFBC}") = "Huffman", "Huffman\Huffman.csproj", "{A15390B0-0A25-44EF-BA81-DC746D4174EE}"
EndProject
Global
	GlobalSection(SolutionConfigurationPlatforms) = preSolution
		Debug|Any CPU = Debug|Any CPU
		Release|Any CPU = Release|Any CPU
	EndGlobalSection
	GlobalSection(ProjectConfigurationPlatforms) = postSolution
		{A15390B0-0A25-44EF-BA81-DC746D4174EE}.Debug|Any CPU.ActiveCfg = Debug|Any CPU
		{A15390B0-0A25-44EF-BA81-DC746D4174EE}.Debug|Any CPU.Build.0 = Debug|Any CPU
		{A15390B0-0A25-44EF-BA81-DC746D4174EE}.Release|Any CPU.ActiveCfg = Release|Any CPU
		{A15390B0-0A25-44EF-BA81-DC746D4174EE}.Release|Any CPU.Build.0 = Release|Any CPU
	EndGlobalSection
	GlobalSection(SolutionProperties) = preSolution
		HideSolutionNode = FALSE
	EndGlobalSection
	GlobalSection(ExtensibilityGlobals) = postSolution
		SolutionGuid = {1FC6BDEB-E0D2-47F1-9522-7124CB77BDC1}
	EndGlobalSection
EndGlobal
