
Microsoft Visual Studio Solution File, Format Version 12.00
# Visual Studio 15
VisualStudioVersion = 15.0.26730.12
MinimumVisualStudioVersion = 10.0.40219.1
Project("{FAE04EC0-301F-11D3-BF4B-00C04F79EFBC}") = "MixEncoding-Program", "MixEncoding-Program\MixEncoding-Program.csproj", "{E89E6CF0-BE0F-4078-A4A9-0D29E9520153}"
EndProject
Global
	GlobalSection(SolutionConfigurationPlatforms) = preSolution
		Debug|Any CPU = Debug|Any CPU
		Release|Any CPU = Release|Any CPU
	EndGlobalSection
	GlobalSection(ProjectConfigurationPlatforms) = postSolution
		{E89E6CF0-BE0F-4078-A4A9-0D29E9520153}.Debug|Any CPU.ActiveCfg = Debug|Any CPU
		{E89E6CF0-BE0F-4078-A4A9-0D29E9520153}.Debug|Any CPU.Build.0 = Debug|Any CPU
		{E89E6CF0-BE0F-4078-A4A9-0D29E9520153}.Release|Any CPU.ActiveCfg = Release|Any CPU
		{E89E6CF0-BE0F-4078-A4A9-0D29E9520153}.Release|Any CPU.Build.0 = Release|Any CPU
	EndGlobalSection
	GlobalSection(SolutionProperties) = preSolution
		HideSolutionNode = FALSE
	EndGlobalSection
	GlobalSection(ExtensibilityGlobals) = postSolution
		SolutionGuid = {151887A0-C4D0-4FB1-ABC7-A55EF29E4E31}
	EndGlobalSection
EndGlobal
